{
  "name": "d2-chart-skill",
  "version": "1.0.0",
  "lockfileVersion": 3,
  "requires": true,
  "packages": {
    "": {
      "name": "d2-chart-skill",
      "version": "1.0.0",
      "license": "ISC",
      "dependencies": {
        "@terrastruct/d2": "^0.1.33"
      }
    },
    "node_modules/@terrastruct/d2": {
      "version": "0.1.33",
      "resolved": "https://registry.npmjs.org/@terrastruct/d2/-/d2-0.1.33.tgz",
      "integrity": "sha512-eK5hyfGIJFolC7sUsiKvWdY9xGFctTe3d+PSijo09IYDso8psztC+A4SammizXtlwYZpnnW0AtDjfBYauceSeA==",
      "license": "MPL-2.0"
    }
  }
}
